// !$*UTF8*$!
{
	archiveVersion = 1;
	classes = {
	};
	objectVersion = 46;
	objects = {

/* Begin PBXBuildFile section */
		E0047B2A1833196F00B78691 /* UIKit.framework in Frameworks */ = {isa = PBXBuildFile; fileRef = E0047B291833196F00B78691 /* UIKit.framework */; };
		E0047B2C1833196F00B78691 /* Foundation.framework in Frameworks */ = {isa = PBXBuildFile; fileRef = E0047B2B1833196F00B78691 /* Foundation.framework */; };
		E0047B2E1833196F00B78691 /* CoreGraphics.framework in Frameworks */ = {isa = PBXBuildFile; fileRef = E0047B2D1833196F00B78691 /* CoreGraphics.framework */; };
		E0047B341833196F00B78691 /* InfoPlist.strings in Resources */ = {isa = PBXBuildFile; fileRef = E0047B321833196F00B78691 /* InfoPlist.strings */; };
		E0047B361833196F00B78691 /* main.m in Sources */ = {isa = PBXBuildFile; fileRef = E0047B351833196F00B78691 /* main.m */; };
		E0047B3A1833196F00B78691 /* AppDelegate.m in Sources */ = {isa = PBXBuildFile; fileRef = E0047B391833196F00B78691 /* AppDelegate.m */; };
		E0047B3C1833196F00B78691 /* Default.png in Resources */ = {isa = PBXBuildFile; fileRef = E0047B3B1833196F00B78691 /* Default.png */; };
		E0047B3E1833196F00B78691 /* Default@2x.png in Resources */ = {isa = PBXBuildFile; fileRef = E0047B3D1833196F00B78691 /* Default@2x.png */; };
		E0047B401833196F00B78691 /* Default-568h@2x.png in Resources */ = {isa = PBXBuildFile; fileRef = E0047B3F1833196F00B78691 /* Default-568h@2x.png */; };
		E0047B431833196F00B78691 /* ViewController.m in Sources */ = {isa = PBXBuildFile; fileRef = E0047B421833196F00B78691 /* ViewController.m */; };
		E0047B461833196F00B78691 /* ViewController.xib in Resources */ = {isa = PBXBuildFile; fileRef = E0047B441833196F00B78691 /* ViewController.xib */; };
		E0047B5018331B9F00B78691 /* CoreLocation.framework in Frameworks */ = {isa = PBXBuildFile; fileRef = E0047B4F18331B9F00B78691 /* CoreLocation.framework */; };
		E0047B5318331C4600B78691 /* CoreLocationClass.m in Sources */ = {isa = PBXBuildFile; fileRef = E0047B5218331C4600B78691 /* CoreLocationClass.m */; };
/* End PBXBuildFile section */

/* Begin PBXFileReference section */
		E0047B261833196F00B78691 /* Core Location.app */ = {isa = PBXFileReference; explicitFileType = wrapper.application; includeInIndex = 0; path = "Core Location.app"; sourceTree = BUILT_PRODUCTS_DIR; };
		E0047B291833196F00B78691 /* UIKit.framework */ = {isa = PBXFileReference; lastKnownFileType = wrapper.framework; name = UIKit.framework; path = System/Library/Frameworks/UIKit.framework; sourceTree = SDKROOT; };
		E0047B2B1833196F00B78691 /* Foundation.framework */ = {isa = PBXFileReference; lastKnownFileType = wrapper.framework; name = Foundation.framework; path = System/Library/Frameworks/Foundation.framework; sourceTree = SDKROOT; };
		E0047B2D1833196F00B78691 /* CoreGraphics.framework */ = {isa = PBXFileReference; lastKnownFileType = wrapper.framework; name = CoreGraphics.framework; path = System/Library/Frameworks/CoreGraphics.framework; sourceTree = SDKROOT; };
		E0047B311833196F00B78691 /* Core Location-Info.plist */ = {isa = PBXFileReference; lastKnownFileType = text.plist.xml; path = "Core Location-Info.plist"; sourceTree = "<group>"; };
		E0047B331833196F00B78691 /* en */ = {isa = PBXFileReference; lastKnownFileType = text.plist.strings; name = en; path = en.lproj/InfoPlist.strings; sourceTree = "<group>"; };
		E0047B351833196F00B78691 /* main.m */ = {isa = PBXFileReference; lastKnownFileType = sourcecode.c.objc; path = main.m; sourceTree = "<group>"; };
		E0047B371833196F00B78691 /* Core Location-Prefix.pch */ = {isa = PBXFileReference; lastKnownFileType = sourcecode.c.h; path = "Core Location-Prefix.pch"; sourceTree = "<group>"; };
		E0047B381833196F00B78691 /* AppDelegate.h */ = {isa = PBXFileReference; lastKnownFileType = sourcecode.c.h; path = AppDelegate.h; sourceTree = "<group>"; };
		E0047B391833196F00B78691 /* AppDelegate.m */ = {isa = PBXFileReference; lastKnownFileType = sourcecode.c.objc; path = AppDelegate.m; sourceTree = "<group>"; };
		E0047B3B1833196F00B78691 /* Default.png */ = {isa = PBXFileReference; lastKnownFileType = image.png; path = Default.png; sourceTree = "<group>"; };
		E0047B3D1833196F00B78691 /* Default@2x.png */ = {isa = PBXFileReference; lastKnownFileType = image.png; path = "Default@2x.png"; sourceTree = "<group>"; };
		E0047B3F1833196F00B78691 /* Default-568h@2x.png */ = {isa = PBXFileReference; lastKnownFileType = image.png; path = "Default-568h@2x.png"; sourceTree = "<group>"; };
		E0047B411833196F00B78691 /* ViewController.h */ = {isa = PBXFileReference; lastKnownFileType = sourcecode.c.h; path = ViewController.h; sourceTree = "<group>"; };
		E0047B421833196F00B78691 /* ViewController.m */ = {isa = PBXFileReference; lastKnownFileType = sourcecode.c.objc; path = ViewController.m; sourceTree = "<group>"; };
		E0047B451833196F00B78691 /* en */ = {isa = PBXFileReference; lastKnownFileType = file.xib; name = en; path = en.lproj/ViewController.xib; sourceTree = "<group>"; };
		E0047B4F18331B9F00B78691 /* CoreLocation.framework */ = {isa = PBXFileReference; lastKnownFileType = wrapper.framework; name = CoreLocation.framework; path = System/Library/Frameworks/CoreLocation.framework; sourceTree = SDKROOT; };
		E0047B5118331C4600B78691 /* CoreLocationClass.h */ = {isa = PBXFileReference; fileEncoding = 4; lastKnownFileType = sourcecode.c.h; path = CoreLocationClass.h; sourceTree = "<group>"; };
		E0047B5218331C4600B78691 /* CoreLocationClass.m */ = {isa = PBXFileReference; fileEncoding = 4; lastKnownFileType = sourcecode.c.objc; path = CoreLocationClass.m; sourceTree = "<group>"; };
/* End PBXFileReference section */

/* Begin PBXFrameworksBuildPhase section */
		E0047B231833196F00B78691 /* Frameworks */ = {
			isa = PBXFrameworksBuildPhase;
			buildActionMask = 2147483647;
			files = (
				E0047B5018331B9F00B78691 /* CoreLocation.framework in Frameworks */,
				E0047B2A1833196F00B78691 /* UIKit.framework in Frameworks */,
				E0047B2C1833196F00B78691 /* Foundation.framework in Frameworks */,
				E0047B2E1833196F00B78691 /* CoreGraphics.framework in Frameworks */,
			);
			runOnlyForDeploymentPostprocessing = 0;
		};
/* End PBXFrameworksBuildPhase section */

/* Begin PBXGroup section */
		E0047B1D1833196F00B78691 = {
			isa = PBXGroup;
			children = (
				E0047B2F1833196F00B78691 /* Core Location */,
				E0047B281833196F00B78691 /* Frameworks */,
				E0047B271833196F00B78691 /* Products */,
			);
			sourceTree = "<group>";
		};
		E0047B271833196F00B78691 /* Products */ = {
			isa = PBXGroup;
			children = (
				E0047B261833196F00B78691 /* Core Location.app */,
			);
			name = Products;
			sourceTree = "<group>";
		};
		E0047B281833196F00B78691 /* Frameworks */ = {
			isa = PBXGroup;
			children = (
				E0047B4F18331B9F00B78691 /* CoreLocation.framework */,
				E0047B291833196F00B78691 /* UIKit.framework */,
				E0047B2B1833196F00B78691 /* Foundation.framework */,
				E0047B2D1833196F00B78691 /* CoreGraphics.framework */,
			);
			name = Frameworks;
			sourceTree = "<group>";
		};
		E0047B2F1833196F00B78691 /* Core Location */ = {
			isa = PBXGroup;
			children = (
				E0047B381833196F00B78691 /* AppDelegate.h */,
				E0047B391833196F00B78691 /* AppDelegate.m */,
				E0047B411833196F00B78691 /* ViewController.h */,
				E0047B421833196F00B78691 /* ViewController.m */,
				E0047B441833196F00B78691 /* ViewController.xib */,
				E0047B301833196F00B78691 /* Supporting Files */,
				E0047B5118331C4600B78691 /* CoreLocationClass.h */,
				E0047B5218331C4600B78691 /* CoreLocationClass.m */,
			);
			path = "Core Location";
			sourceTree = "<group>";
		};
		E0047B301833196F00B78691 /* Supporting Files */ = {
			isa = PBXGroup;
			children = (
				E0047B311833196F00B78691 /* Core Location-Info.plist */,
				E0047B321833196F00B78691 /* InfoPlist.strings */,
				E0047B351833196F00B78691 /* main.m */,
				E0047B371833196F00B78691 /* Core Location-Prefix.pch */,
				E0047B3B1833196F00B78691 /* Default.png */,
				E0047B3D1833196F00B78691 /* Default@2x.png */,
				E0047B3F1833196F00B78691 /* Default-568h@2x.png */,
			);
			name = "Supporting Files";
			sourceTree = "<group>";
		};
/* End PBXGroup section */

/* Begin PBXNativeTarget section */
		E0047B251833196F00B78691 /* Core Location */ = {
			isa = PBXNativeTarget;
			buildConfigurationList = E0047B491833196F00B78691 /* Build configuration list for PBXNativeTarget "Core Location" */;
			buildPhases = (
				E0047B221833196F00B78691 /* Sources */,
				E0047B231833196F00B78691 /* Frameworks */,
				E0047B241833196F00B78691 /* Resources */,
			);
			buildRules = (
			);
			dependencies = (
			);
			name = "Core Location";
			productName = "Core Location";
			productReference = E0047B261833196F00B78691 /* Core Location.app */;
			productType = "com.apple.product-type.application";
		};
/* End PBXNativeTarget section */

/* Begin PBXProject section */
		E0047B1E1833196F00B78691 /* Project object */ = {
			isa = PBXProject;
			attributes = {
				LastUpgradeCheck = 0460;
				ORGANIZATIONNAME = "Sumit Sharma";
			};
			buildConfigurationList = E0047B211833196F00B78691 /* Build configuration list for PBXProject "Core Location" */;
			compatibilityVersion = "Xcode 3.2";
			developmentRegion = English;
			hasScannedForEncodings = 0;
			knownRegions = (
				en,
			);
			mainGroup = E0047B1D1833196F00B78691;
			productRefGroup = E0047B271833196F00B78691 /* Products */;
			projectDirPath = "";
			projectRoot = "";
			targets = (
				E0047B251833196F00B78691 /* Core Location */,
			);
		};
/* End PBXProject section */

/* Begin PBXResourcesBuildPhase section */
		E0047B241833196F00B78691 /* Resources */ = {
			isa = PBXResourcesBuildPhase;
			buildActionMask = 2147483647;
			files = (
				E0047B341833196F00B78691 /* InfoPlist.strings in Resources */,
				E0047B3C1833196F00B78691 /* Default.png in Resources */,
				E0047B3E1833196F00B78691 /* Default@2x.png in Resources */,
				E0047B401833196F00B78691 /* Default-568h@2x.png in Resources */,
				E0047B461833196F00B78691 /* ViewController.xib in Resources */,
			);
			runOnlyForDeploymentPostprocessing = 0;
		};
/* End PBXResourcesBuildPhase section */

/* Begin PBXSourcesBuildPhase section */
		E0047B221833196F00B78691 /* Sources */ = {
			isa = PBXSourcesBuildPhase;
			buildActionMask = 2147483647;
			files = (
				E0047B361833196F00B78691 /* main.m in Sources */,
				E0047B3A1833196F00B78691 /* AppDelegate.m in Sources */,
				E0047B431833196F00B78691 /* ViewController.m in Sources */,
				E0047B5318331C4600B78691 /* CoreLocationClass.m in Sources */,
			);
			runOnlyForDeploymentPostprocessing = 0;
		};
/* End PBXSourcesBuildPhase section */

/* Begin PBXVariantGroup section */
		E0047B321833196F00B78691 /* InfoPlist.strings */ = {
			isa = PBXVariantGroup;
			children = (
				E0047B331833196F00B78691 /* en */,
			);
			name = InfoPlist.strings;
			sourceTree = "<group>";
		};
		E0047B441833196F00B78691 /* ViewController.xib */ = {
			isa = PBXVariantGroup;
			children = (
				E0047B451833196F00B78691 /* en */,
			);
			name = ViewController.xib;
			sourceTree = "<group>";
		};
/* End PBXVariantGroup section */

/* Begin XCBuildConfiguration section */
		E0047B471833196F00B78691 /* Debug */ = {
			isa = XCBuildConfiguration;
			buildSettings = {
				ALWAYS_SEARCH_USER_PATHS = NO;
				CLANG_CXX_LANGUAGE_STANDARD = "gnu++0x";
				CLANG_CXX_LIBRARY = "libc++";
				CLANG_WARN_CONSTANT_CONVERSION = YES;
				CLANG_WARN_EMPTY_BODY = YES;
				CLANG_WARN_ENUM_CONVERSION = YES;
				CLANG_WARN_INT_CONVERSION = YES;
				CLANG_WARN__DUPLICATE_METHOD_MATCH = YES;
				"CODE_SIGN_IDENTITY[sdk=iphoneos*]" = "iPhone Developer";
				COPY_PHASE_STRIP = NO;
				GCC_C_LANGUAGE_STANDARD = gnu99;
				GCC_DYNAMIC_NO_PIC = NO;
				GCC_OPTIMIZATION_LEVEL = 0;
				GCC_PREPROCESSOR_DEFINITIONS = (
					"DEBUG=1",
					"$(inherited)",
				);
				GCC_SYMBOLS_PRIVATE_EXTERN = NO;
				GCC_WARN_ABOUT_RETURN_TYPE = YES;
				GCC_WARN_UNINITIALIZED_AUTOS = YES;
				GCC_WARN_UNUSED_VARIABLE = YES;
				IPHONEOS_DEPLOYMENT_TARGET = 6.1;
				ONLY_ACTIVE_ARCH = YES;
				SDKROOT = iphoneos;
			};
			name = Debug;
		};
		E0047B481833196F00B78691 /* Release */ = {
			isa = XCBuildConfiguration;
			buildSettings = {
				ALWAYS_SEARCH_USER_PATHS = NO;
				CLANG_CXX_LANGUAGE_STANDARD = "gnu++0x";
				CLANG_CXX_LIBRARY = "libc++";
				CLANG_WARN_CONSTANT_CONVERSION = YES;
				CLANG_WARN_EMPTY_BODY = YES;
				CLANG_WARN_ENUM_CONVERSION = YES;
				CLANG_WARN_INT_CONVERSION = YES;
				CLANG_WARN__DUPLICATE_METHOD_MATCH = YES;
				"CODE_SIGN_IDENTITY[sdk=iphoneos*]" = "iPhone Developer";
				COPY_PHASE_STRIP = YES;
				GCC_C_LANGUAGE_STANDARD = gnu99;
				GCC_WARN_ABOUT_RETURN_TYPE = YES;
				GCC_WARN_UNINITIALIZED_AUTOS = YES;
				GCC_WARN_UNUSED_VARIABLE = YES;
				IPHONEOS_DEPLOYMENT_TARGET = 6.1;
				OTHER_CFLAGS = "-DNS_BLOCK_ASSERTIONS=1";
				SDKROOT = iphoneos;
				VALIDATE_PRODUCT = YES;
			};
			name = Release;
		};
		E0047B4A1833196F00B78691 /* Debug */ = {
			isa = XCBuildConfiguration;
			buildSettings = {
				GCC_PRECOMPILE_PREFIX_HEADER = YES;
				GCC_PREFIX_HEADER = "Core Location/Core Location-Prefix.pch";
				INFOPLIST_FILE = "Core Location/Core Location-Info.plist";
				PRODUCT_NAME = "$(TARGET_NAME)";
				WRAPPER_EXTENSION = app;
			};
			name = Debug;
		};
		E0047B4B1833196F00B78691 /* Release */ = {
			isa = XCBuildConfiguration;
			buildSettings = {
				GCC_PRECOMPILE_PREFIX_HEADER = YES;
				GCC_PREFIX_HEADER = "Core Location/Core Location-Prefix.pch";
				INFOPLIST_FILE = "Core Location/Core Location-Info.plist";
				PRODUCT_NAME = "$(TARGET_NAME)";
				WRAPPER_EXTENSION = app;
			};
			name = Release;
		};
/* End XCBuildConfiguration section */

/* Begin XCConfigurationList section */
		E0047B211833196F00B78691 /* Build configuration list for PBXProject "Core Location" */ = {
			isa = XCConfigurationList;
			buildConfigurations = (
				E0047B471833196F00B78691 /* Debug */,
				E0047B481833196F00B78691 /* Release */,
			);
			defaultConfigurationIsVisible = 0;
			defaultConfigurationName = Release;
		};
		E0047B491833196F00B78691 /* Build configuration list for PBXNativeTarget "Core Location" */ = {
			isa = XCConfigurationList;
			buildConfigurations = (
				E0047B4A1833196F00B78691 /* Debug */,
				E0047B4B1833196F00B78691 /* Release */,
			);
			defaultConfigurationIsVisible = 0;
		};
/* End XCConfigurationList section */
	};
	rootObject = E0047B1E1833196F00B78691 /* Project object */;
}
